
Microsoft Visual Studio Solution File, Format Version 12.00
# Visual Studio 2012
Project("{D954291E-2A0B-460D-934E-DC6B0785DB48}") = "MoneyManagement", "MoneyManagement\MoneyManagement.shproj", "{4260E08E-AA85-4F82-B980-988349466F42}"
EndProject
Project("{FAE04EC0-301F-11D3-BF4B-00C04F79EFBC}") = "MoneyManagement.iOS", "iOS\MoneyManagement.iOS.csproj", "{64225F47-2E55-40B1-984E-82C78C9D5F0C}"
EndProject
Project("{FAE04EC0-301F-11D3-BF4B-00C04F79EFBC}") = "MoneyManagement.Droid", "Droid\MoneyManagement.Droid.csproj", "{D0551F5B-E9EF-429B-B868-70A3DB8F74DC}"
EndProject
Global
	GlobalSection(SolutionConfigurationPlatforms) = preSolution
		Debug|iPhoneSimulator = Debug|iPhoneSimulator
		Release|iPhone = Release|iPhone
		Release|iPhoneSimulator = Release|iPhoneSimulator
		Debug|iPhone = Debug|iPhone
		Debug|Any CPU = Debug|Any CPU
		Release|Any CPU = Release|Any CPU
	EndGlobalSection
	GlobalSection(ProjectConfigurationPlatforms) = postSolution
		{64225F47-2E55-40B1-984E-82C78C9D5F0C}.Debug|iPhoneSimulator.ActiveCfg = Debug|iPhoneSimulator
		{64225F47-2E55-40B1-984E-82C78C9D5F0C}.Debug|iPhoneSimulator.Build.0 = Debug|iPhoneSimulator
		{64225F47-2E55-40B1-984E-82C78C9D5F0C}.Release|iPhone.ActiveCfg = Release|iPhone
		{64225F47-2E55-40B1-984E-82C78C9D5F0C}.Release|iPhone.Build.0 = Release|iPhone
		{64225F47-2E55-40B1-984E-82C78C9D5F0C}.Release|iPhoneSimulator.ActiveCfg = Release|iPhoneSimulator
		{64225F47-2E55-40B1-984E-82C78C9D5F0C}.Release|iPhoneSimulator.Build.0 = Release|iPhoneSimulator
		{64225F47-2E55-40B1-984E-82C78C9D5F0C}.Debug|iPhone.ActiveCfg = Debug|iPhone
		{64225F47-2E55-40B1-984E-82C78C9D5F0C}.Debug|iPhone.Build.0 = Debug|iPhone
		{64225F47-2E55-40B1-984E-82C78C9D5F0C}.Debug|Any CPU.ActiveCfg = Debug|iPhoneSimulator
		{64225F47-2E55-40B1-984E-82C78C9D5F0C}.Debug|Any CPU.Build.0 = Debug|iPhoneSimulator
		{64225F47-2E55-40B1-984E-82C78C9D5F0C}.Release|Any CPU.ActiveCfg = Release|iPhone
		{64225F47-2E55-40B1-984E-82C78C9D5F0C}.Release|Any CPU.Build.0 = Release|iPhone
		{D0551F5B-E9EF-429B-B868-70A3DB8F74DC}.Debug|iPhoneSimulator.ActiveCfg = Debug|Any CPU
		{D0551F5B-E9EF-429B-B868-70A3DB8F74DC}.Debug|iPhoneSimulator.Build.0 = Debug|Any CPU
		{D0551F5B-E9EF-429B-B868-70A3DB8F74DC}.Release|iPhone.ActiveCfg = Release|Any CPU
		{D0551F5B-E9EF-429B-B868-70A3DB8F74DC}.Release|iPhone.Build.0 = Release|Any CPU
		{D0551F5B-E9EF-429B-B868-70A3DB8F74DC}.Release|iPhoneSimulator.ActiveCfg = Release|Any CPU
		{D0551F5B-E9EF-429B-B868-70A3DB8F74DC}.Release|iPhoneSimulator.Build.0 = Release|Any CPU
		{D0551F5B-E9EF-429B-B868-70A3DB8F74DC}.Debug|iPhone.ActiveCfg = Debug|Any CPU
		{D0551F5B-E9EF-429B-B868-70A3DB8F74DC}.Debug|iPhone.Build.0 = Debug|Any CPU
		{D0551F5B-E9EF-429B-B868-70A3DB8F74DC}.Debug|Any CPU.ActiveCfg = Debug|Any CPU
		{D0551F5B-E9EF-429B-B868-70A3DB8F74DC}.Debug|Any CPU.Build.0 = Debug|Any CPU
		{D0551F5B-E9EF-429B-B868-70A3DB8F74DC}.Release|Any CPU.ActiveCfg = Release|Any CPU
		{D0551F5B-E9EF-429B-B868-70A3DB8F74DC}.Release|Any CPU.Build.0 = Release|Any CPU
	EndGlobalSection
EndGlobal
